// !$*UTF8*$!
{
	archiveVersion = 1;
	classes = {
	};
	objectVersion = 56;
	objects = {

/* Begin PBXBuildFile section */
		1CE044C32977E04E00164458 /* testImglyApp.swift in Sources */ = {isa = PBXBuildFile; fileRef = 1CE044C22977E04E00164458 /* testImglyApp.swift */; };
		1CE044C52977E04E00164458 /* ContentView.swift in Sources */ = {isa = PBXBuildFile; fileRef = 1CE044C42977E04E00164458 /* ContentView.swift */; };
		1CE044C72977E05000164458 /* Assets.xcassets in Resources */ = {isa = PBXBuildFile; fileRef = 1CE044C62977E05000164458 /* Assets.xcassets */; };
		1CE044CA2977E05000164458 /* Preview Assets.xcassets in Resources */ = {isa = PBXBuildFile; fileRef = 1CE044C92977E05000164458 /* Preview Assets.xcassets */; };
		1CE044D42977E05000164458 /* testImglyTests.swift in Sources */ = {isa = PBXBuildFile; fileRef = 1CE044D32977E05000164458 /* testImglyTests.swift */; };
		1CE044DE2977E05000164458 /* testImglyUITests.swift in Sources */ = {isa = PBXBuildFile; fileRef = 1CE044DD2977E05000164458 /* testImglyUITests.swift */; };
		1CE044E02977E05000164458 /* testImglyUITestsLaunchTests.swift in Sources */ = {isa = PBXBuildFile; fileRef = 1CE044DF2977E05000164458 /* testImglyUITestsLaunchTests.swift */; };
		1CE044EE2977E17F00164458 /* VideoEditorSDK in Frameworks */ = {isa = PBXBuildFile; productRef = 1CE044ED2977E17F00164458 /* VideoEditorSDK */; };
		1CE044F02977E2E500164458 /* 30 Minute Timer.mp4 in Resources */ = {isa = PBXBuildFile; fileRef = 1CE044EF2977E2E500164458 /* 30 Minute Timer.mp4 */; };
/* End PBXBuildFile section */

/* Begin PBXContainerItemProxy section */
		1CE044D02977E05000164458 /* PBXContainerItemProxy */ = {
			isa = PBXContainerItemProxy;
			containerPortal = 1CE044B72977E04E00164458 /* Project object */;
			proxyType = 1;
			remoteGlobalIDString = 1CE044BE2977E04E00164458;
			remoteInfo = testImgly;
		};
		1CE044DA2977E05000164458 /* PBXContainerItemProxy */ = {
			isa = PBXContainerItemProxy;
			containerPortal = 1CE044B72977E04E00164458 /* Project object */;
			proxyType = 1;
			remoteGlobalIDString = 1CE044BE2977E04E00164458;
			remoteInfo = testImgly;
		};
/* End PBXContainerItemProxy section */

/* Begin PBXFileReference section */
		1CE044BF2977E04E00164458 /* testImgly.app */ = {isa = PBXFileReference; explicitFileType = wrapper.application; includeInIndex = 0; path = testImgly.app; sourceTree = BUILT_PRODUCTS_DIR; };
		1CE044C22977E04E00164458 /* testImglyApp.swift */ = {isa = PBXFileReference; lastKnownFileType = sourcecode.swift; path = testImglyApp.swift; sourceTree = "<group>"; };
		1CE044C42977E04E00164458 /* ContentView.swift */ = {isa = PBXFileReference; lastKnownFileType = sourcecode.swift; path = ContentView.swift; sourceTree = "<group>"; };
		1CE044C62977E05000164458 /* Assets.xcassets */ = {isa = PBXFileReference; lastKnownFileType = folder.assetcatalog; path = Assets.xcassets; sourceTree = "<group>"; };
		1CE044C92977E05000164458 /* Preview Assets.xcassets */ = {isa = PBXFileReference; lastKnownFileType = folder.assetcatalog; path = "Preview Assets.xcassets"; sourceTree = "<group>"; };
		1CE044CF2977E05000164458 /* testImglyTests.xctest */ = {isa = PBXFileReference; explicitFileType = wrapper.cfbundle; includeInIndex = 0; path = testImglyTests.xctest; sourceTree = BUILT_PRODUCTS_DIR; };
		1CE044D32977E05000164458 /* testImglyTests.swift */ = {isa = PBXFileReference; lastKnownFileType = sourcecode.swift; path = testImglyTests.swift; sourceTree = "<group>"; };
		1CE044D92977E05000164458 /* testImglyUITests.xctest */ = {isa = PBXFileReference; explicitFileType = wrapper.cfbundle; includeInIndex = 0; path = testImglyUITests.xctest; sourceTree = BUILT_PRODUCTS_DIR; };
		1CE044DD2977E05000164458 /* testImglyUITests.swift */ = {isa = PBXFileReference; lastKnownFileType = sourcecode.swift; path = testImglyUITests.swift; sourceTree = "<group>"; };
		1CE044DF2977E05000164458 /* testImglyUITestsLaunchTests.swift */ = {isa = PBXFileReference; lastKnownFileType = sourcecode.swift; path = testImglyUITestsLaunchTests.swift; sourceTree = "<group>"; };
		1CE044EF2977E2E500164458 /* 30 Minute Timer.mp4 */ = {isa = PBXFileReference; lastKnownFileType = file; path = "30 Minute Timer.mp4"; sourceTree = "<group>"; };
/* End PBXFileReference section */

/* Begin PBXFrameworksBuildPhase section */
		1CE044BC2977E04E00164458 /* Frameworks */ = {
			isa = PBXFrameworksBuildPhase;
			buildActionMask = 2147483647;
			files = (
				1CE044EE2977E17F00164458 /* VideoEditorSDK in Frameworks */,
			);
			runOnlyForDeploymentPostprocessing = 0;
		};
		1CE044CC2977E05000164458 /* Frameworks */ = {
			isa = PBXFrameworksBuildPhase;
			buildActionMask = 2147483647;
			files = (
			);
			runOnlyForDeploymentPostprocessing = 0;
		};
		1CE044D62977E05000164458 /* Frameworks */ = {
			isa = PBXFrameworksBuildPhase;
			buildActionMask = 2147483647;
			files = (
			);
			runOnlyForDeploymentPostprocessing = 0;
		};
/* End PBXFrameworksBuildPhase section */

/* Begin PBXGroup section */
		1CE044B62977E04E00164458 = {
			isa = PBXGroup;
			children = (
				1CE044EF2977E2E500164458 /* 30 Minute Timer.mp4 */,
				1CE044C12977E04E00164458 /* testImgly */,
				1CE044D22977E05000164458 /* testImglyTests */,
				1CE044DC2977E05000164458 /* testImglyUITests */,
				1CE044C02977E04E00164458 /* Products */,
			);
			sourceTree = "<group>";
		};
		1CE044C02977E04E00164458 /* Products */ = {
			isa = PBXGroup;
			children = (
				1CE044BF2977E04E00164458 /* testImgly.app */,
				1CE044CF2977E05000164458 /* testImglyTests.xctest */,
				1CE044D92977E05000164458 /* testImglyUITests.xctest */,
			);
			name = Products;
			sourceTree = "<group>";
		};
		1CE044C12977E04E00164458 /* testImgly */ = {
			isa = PBXGroup;
			children = (
				1CE044C22977E04E00164458 /* testImglyApp.swift */,
				1CE044C42977E04E00164458 /* ContentView.swift */,
				1CE044C62977E05000164458 /* Assets.xcassets */,
				1CE044C82977E05000164458 /* Preview Content */,
			);
			path = testImgly;
			sourceTree = "<group>";
		};
		1CE044C82977E05000164458 /* Preview Content */ = {
			isa = PBXGroup;
			children = (
				1CE044C92977E05000164458 /* Preview Assets.xcassets */,
			);
			path = "Preview Content";
			sourceTree = "<group>";
		};
		1CE044D22977E05000164458 /* testImglyTests */ = {
			isa = PBXGroup;
			children = (
				1CE044D32977E05000164458 /* testImglyTests.swift */,
			);
			path = testImglyTests;
			sourceTree = "<group>";
		};
		1CE044DC2977E05000164458 /* testImglyUITests */ = {
			isa = PBXGroup;
			children = (
				1CE044DD2977E05000164458 /* testImglyUITests.swift */,
				1CE044DF2977E05000164458 /* testImglyUITestsLaunchTests.swift */,
			);
			path = testImglyUITests;
			sourceTree = "<group>";
		};
/* End PBXGroup section */

/* Begin PBXNativeTarget section */
		1CE044BE2977E04E00164458 /* testImgly */ = {
			isa = PBXNativeTarget;
			buildConfigurationList = 1CE044E32977E05000164458 /* Build configuration list for PBXNativeTarget "testImgly" */;
			buildPhases = (
				1CE044BB2977E04E00164458 /* Sources */,
				1CE044BC2977E04E00164458 /* Frameworks */,
				1CE044BD2977E04E00164458 /* Resources */,
			);
			buildRules = (
			);
			dependencies = (
			);
			name = testImgly;
			packageProductDependencies = (
				1CE044ED2977E17F00164458 /* VideoEditorSDK */,
			);
			productName = testImgly;
			productReference = 1CE044BF2977E04E00164458 /* testImgly.app */;
			productType = "com.apple.product-type.application";
		};
		1CE044CE2977E05000164458 /* testImglyTests */ = {
			isa = PBXNativeTarget;
			buildConfigurationList = 1CE044E62977E05000164458 /* Build configuration list for PBXNativeTarget "testImglyTests" */;
			buildPhases = (
				1CE044CB2977E05000164458 /* Sources */,
				1CE044CC2977E05000164458 /* Frameworks */,
				1CE044CD2977E05000164458 /* Resources */,
			);
			buildRules = (
			);
			dependencies = (
				1CE044D12977E05000164458 /* PBXTargetDependency */,
			);
			name = testImglyTests;
			productName = testImglyTests;
			productReference = 1CE044CF2977E05000164458 /* testImglyTests.xctest */;
			productType = "com.apple.product-type.bundle.unit-test";
		};
		1CE044D82977E05000164458 /* testImglyUITests */ = {
			isa = PBXNativeTarget;
			buildConfigurationList = 1CE044E92977E05000164458 /* Build configuration list for PBXNativeTarget "testImglyUITests" */;
			buildPhases = (
				1CE044D52977E05000164458 /* Sources */,
				1CE044D62977E05000164458 /* Frameworks */,
				1CE044D72977E05000164458 /* Resources */,
			);
			buildRules = (
			);
			dependencies = (
				1CE044DB2977E05000164458 /* PBXTargetDependency */,
			);
			name = testImglyUITests;
			productName = testImglyUITests;
			productReference = 1CE044D92977E05000164458 /* testImglyUITests.xctest */;
			productType = "com.apple.product-type.bundle.ui-testing";
		};
/* End PBXNativeTarget section */

/* Begin PBXProject section */
		1CE044B72977E04E00164458 /* Project object */ = {
			isa = PBXProject;
			attributes = {
				BuildIndependentTargetsInParallel = 1;
				LastSwiftUpdateCheck = 1420;
				LastUpgradeCheck = 1420;
				TargetAttributes = {
					1CE044BE2977E04E00164458 = {
						CreatedOnToolsVersion = 14.2;
					};
					1CE044CE2977E05000164458 = {
						CreatedOnToolsVersion = 14.2;
						TestTargetID = 1CE044BE2977E04E00164458;
					};
					1CE044D82977E05000164458 = {
						CreatedOnToolsVersion = 14.2;
						TestTargetID = 1CE044BE2977E04E00164458;
					};
				};
			};
			buildConfigurationList = 1CE044BA2977E04E00164458 /* Build configuration list for PBXProject "testImgly" */;
			compatibilityVersion = "Xcode 14.0";
			developmentRegion = en;
			hasScannedForEncodings = 0;
			knownRegions = (
				en,
				Base,
			);
			mainGroup = 1CE044B62977E04E00164458;
			packageReferences = (
				1CE044EC2977E17F00164458 /* XCRemoteSwiftPackageReference "vesdk-ios-build" */,
			);
			productRefGroup = 1CE044C02977E04E00164458 /* Products */;
			projectDirPath = "";
			projectRoot = "";
			targets = (
				1CE044BE2977E04E00164458 /* testImgly */,
				1CE044CE2977E05000164458 /* testImglyTests */,
				1CE044D82977E05000164458 /* testImglyUITests */,
			);
		};
/* End PBXProject section */

/* Begin PBXResourcesBuildPhase section */
		1CE044BD2977E04E00164458 /* Resources */ = {
			isa = PBXResourcesBuildPhase;
			buildActionMask = 2147483647;
			files = (
				1CE044CA2977E05000164458 /* Preview Assets.xcassets in Resources */,
				1CE044C72977E05000164458 /* Assets.xcassets in Resources */,
				1CE044F02977E2E500164458 /* 30 Minute Timer.mp4 in Resources */,
			);
			runOnlyForDeploymentPostprocessing = 0;
		};
		1CE044CD2977E05000164458 /* Resources */ = {
			isa = PBXResourcesBuildPhase;
			buildActionMask = 2147483647;
			files = (
			);
			runOnlyForDeploymentPostprocessing = 0;
		};
		1CE044D72977E05000164458 /* Resources */ = {
			isa = PBXResourcesBuildPhase;
			buildActionMask = 2147483647;
			files = (
			);
			runOnlyForDeploymentPostprocessing = 0;
		};
/* End PBXResourcesBuildPhase section */

/* Begin PBXSourcesBuildPhase section */
		1CE044BB2977E04E00164458 /* Sources */ = {
			isa = PBXSourcesBuildPhase;
			buildActionMask = 2147483647;
			files = (
				1CE044C52977E04E00164458 /* ContentView.swift in Sources */,
				1CE044C32977E04E00164458 /* testImglyApp.swift in Sources */,
			);
			runOnlyForDeploymentPostprocessing = 0;
		};
		1CE044CB2977E05000164458 /* Sources */ = {
			isa = PBXSourcesBuildPhase;
			buildActionMask = 2147483647;
			files = (
				1CE044D42977E05000164458 /* testImglyTests.swift in Sources */,
			);
			runOnlyForDeploymentPostprocessing = 0;
		};
		1CE044D52977E05000164458 /* Sources */ = {
			isa = PBXSourcesBuildPhase;
			buildActionMask = 2147483647;
			files = (
				1CE044DE2977E05000164458 /* testImglyUITests.swift in Sources */,
				1CE044E02977E05000164458 /* testImglyUITestsLaunchTests.swift in Sources */,
			);
			runOnlyForDeploymentPostprocessing = 0;
		};
/* End PBXSourcesBuildPhase section */

/* Begin PBXTargetDependency section */
		1CE044D12977E05000164458 /* PBXTargetDependency */ = {
			isa = PBXTargetDependency;
			target = 1CE044BE2977E04E00164458 /* testImgly */;
			targetProxy = 1CE044D02977E05000164458 /* PBXContainerItemProxy */;
		};
		1CE044DB2977E05000164458 /* PBXTargetDependency */ = {
			isa = PBXTargetDependency;
			target = 1CE044BE2977E04E00164458 /* testImgly */;
			targetProxy = 1CE044DA2977E05000164458 /* PBXContainerItemProxy */;
		};
/* End PBXTargetDependency section */

/* Begin XCBuildConfiguration section */
		1CE044E12977E05000164458 /* Debug */ = {
			isa = XCBuildConfiguration;
			buildSettings = {
				ALWAYS_SEARCH_USER_PATHS = NO;
				CLANG_ANALYZER_NONNULL = YES;
				CLANG_ANALYZER_NUMBER_OBJECT_CONVERSION = YES_AGGRESSIVE;
				CLANG_CXX_LANGUAGE_STANDARD = "gnu++20";
				CLANG_ENABLE_MODULES = YES;
				CLANG_ENABLE_OBJC_ARC = YES;
				CLANG_ENABLE_OBJC_WEAK = YES;
				CLANG_WARN_BLOCK_CAPTURE_AUTORELEASING = YES;
				CLANG_WARN_BOOL_CONVERSION = YES;
				CLANG_WARN_COMMA = YES;
				CLANG_WARN_CONSTANT_CONVERSION = YES;
				CLANG_WARN_DEPRECATED_OBJC_IMPLEMENTATIONS = YES;
				CLANG_WARN_DIRECT_OBJC_ISA_USAGE = YES_ERROR;
				CLANG_WARN_DOCUMENTATION_COMMENTS = YES;
				CLANG_WARN_EMPTY_BODY = YES;
				CLANG_WARN_ENUM_CONVERSION = YES;
				CLANG_WARN_INFINITE_RECURSION = YES;
				CLANG_WARN_INT_CONVERSION = YES;
				CLANG_WARN_NON_LITERAL_NULL_CONVERSION = YES;
				CLANG_WARN_OBJC_IMPLICIT_RETAIN_SELF = YES;
				CLANG_WARN_OBJC_LITERAL_CONVERSION = YES;
				CLANG_WARN_OBJC_ROOT_CLASS = YES_ERROR;
				CLANG_WARN_QUOTED_INCLUDE_IN_FRAMEWORK_HEADER = YES;
				CLANG_WARN_RANGE_LOOP_ANALYSIS = YES;
				CLANG_WARN_STRICT_PROTOTYPES = YES;
				CLANG_WARN_SUSPICIOUS_MOVE = YES;
				CLANG_WARN_UNGUARDED_AVAILABILITY = YES_AGGRESSIVE;
				CLANG_WARN_UNREACHABLE_CODE = YES;
				CLANG_WARN__DUPLICATE_METHOD_MATCH = YES;
				COPY_PHASE_STRIP = NO;
				DEBUG_INFORMATION_FORMAT = dwarf;
				ENABLE_STRICT_OBJC_MSGSEND = YES;
				ENABLE_TESTABILITY = YES;
				GCC_C_LANGUAGE_STANDARD = gnu11;
				GCC_DYNAMIC_NO_PIC = NO;
				GCC_NO_COMMON_BLOCKS = YES;
				GCC_OPTIMIZATION_LEVEL = 0;
				GCC_PREPROCESSOR_DEFINITIONS = (
					"DEBUG=1",
					"$(inherited)",
				);
				GCC_WARN_64_TO_32_BIT_CONVERSION = YES;
				GCC_WARN_ABOUT_RETURN_TYPE = YES_ERROR;
				GCC_WARN_UNDECLARED_SELECTOR = YES;
				GCC_WARN_UNINITIALIZED_AUTOS = YES_AGGRESSIVE;
				GCC_WARN_UNUSED_FUNCTION = YES;
				GCC_WARN_UNUSED_VARIABLE = YES;
				IPHONEOS_DEPLOYMENT_TARGET = 16.2;
				MTL_ENABLE_DEBUG_INFO = INCLUDE_SOURCE;
				MTL_FAST_MATH = YES;
				ONLY_ACTIVE_ARCH = YES;
				SDKROOT = iphoneos;
				SWIFT_ACTIVE_COMPILATION_CONDITIONS = DEBUG;
				SWIFT_OPTIMIZATION_LEVEL = "-Onone";
			};
			name = Debug;
		};
		1CE044E22977E05000164458 /* Release */ = {
			isa = XCBuildConfiguration;
			buildSettings = {
				ALWAYS_SEARCH_USER_PATHS = NO;
				CLANG_ANALYZER_NONNULL = YES;
				CLANG_ANALYZER_NUMBER_OBJECT_CONVERSION = YES_AGGRESSIVE;
				CLANG_CXX_LANGUAGE_STANDARD = "gnu++20";
				CLANG_ENABLE_MODULES = YES;
				CLANG_ENABLE_OBJC_ARC = YES;
				CLANG_ENABLE_OBJC_WEAK = YES;
				CLANG_WARN_BLOCK_CAPTURE_AUTORELEASING = YES;
				CLANG_WARN_BOOL_CONVERSION = YES;
				CLANG_WARN_COMMA = YES;
				CLANG_WARN_CONSTANT_CONVERSION = YES;
				CLANG_WARN_DEPRECATED_OBJC_IMPLEMENTATIONS = YES;
				CLANG_WARN_DIRECT_OBJC_ISA_USAGE = YES_ERROR;
				CLANG_WARN_DOCUMENTATION_COMMENTS = YES;
				CLANG_WARN_EMPTY_BODY = YES;
				CLANG_WARN_ENUM_CONVERSION = YES;
				CLANG_WARN_INFINITE_RECURSION = YES;
				CLANG_WARN_INT_CONVERSION = YES;
				CLANG_WARN_NON_LITERAL_NULL_CONVERSION = YES;
				CLANG_WARN_OBJC_IMPLICIT_RETAIN_SELF = YES;
				CLANG_WARN_OBJC_LITERAL_CONVERSION = YES;
				CLANG_WARN_OBJC_ROOT_CLASS = YES_ERROR;
				CLANG_WARN_QUOTED_INCLUDE_IN_FRAMEWORK_HEADER = YES;
				CLANG_WARN_RANGE_LOOP_ANALYSIS = YES;
				CLANG_WARN_STRICT_PROTOTYPES = YES;
				CLANG_WARN_SUSPICIOUS_MOVE = YES;
				CLANG_WARN_UNGUARDED_AVAILABILITY = YES_AGGRESSIVE;
				CLANG_WARN_UNREACHABLE_CODE = YES;
				CLANG_WARN__DUPLICATE_METHOD_MATCH = YES;
				COPY_PHASE_STRIP = NO;
				DEBUG_INFORMATION_FORMAT = "dwarf-with-dsym";
				ENABLE_NS_ASSERTIONS = NO;
				ENABLE_STRICT_OBJC_MSGSEND = YES;
				GCC_C_LANGUAGE_STANDARD = gnu11;
				GCC_NO_COMMON_BLOCKS = YES;
				GCC_WARN_64_TO_32_BIT_CONVERSION = YES;
				GCC_WARN_ABOUT_RETURN_TYPE = YES_ERROR;
				GCC_WARN_UNDECLARED_SELECTOR = YES;
				GCC_WARN_UNINITIALIZED_AUTOS = YES_AGGRESSIVE;
				GCC_WARN_UNUSED_FUNCTION = YES;
				GCC_WARN_UNUSED_VARIABLE = YES;
				IPHONEOS_DEPLOYMENT_TARGET = 16.2;
				MTL_ENABLE_DEBUG_INFO = NO;
				MTL_FAST_MATH = YES;
				SDKROOT = iphoneos;
				SWIFT_COMPILATION_MODE = wholemodule;
				SWIFT_OPTIMIZATION_LEVEL = "-O";
				VALIDATE_PRODUCT = YES;
			};
			name = Release;
		};
		1CE044E42977E05000164458 /* Debug */ = {
			isa = XCBuildConfiguration;
			buildSettings = {
				ASSETCATALOG_COMPILER_APPICON_NAME = AppIcon;
				ASSETCATALOG_COMPILER_GLOBAL_ACCENT_COLOR_NAME = AccentColor;
				CODE_SIGN_STYLE = Automatic;
				CURRENT_PROJECT_VERSION = 1;
				DEVELOPMENT_ASSET_PATHS = "\"testImgly/Preview Content\"";
				DEVELOPMENT_TEAM = KBW8QZ886C;
				ENABLE_PREVIEWS = YES;
				GENERATE_INFOPLIST_FILE = YES;
				INFOPLIST_KEY_UIApplicationSceneManifest_Generation = YES;
				INFOPLIST_KEY_UIApplicationSupportsIndirectInputEvents = YES;
				INFOPLIST_KEY_UILaunchScreen_Generation = YES;
				INFOPLIST_KEY_UISupportedInterfaceOrientations_iPad = "UIInterfaceOrientationPortrait UIInterfaceOrientationPortraitUpsideDown UIInterfaceOrientationLandscapeLeft UIInterfaceOrientationLandscapeRight";
				INFOPLIST_KEY_UISupportedInterfaceOrientations_iPhone = "UIInterfaceOrientationPortrait UIInterfaceOrientationLandscapeLeft UIInterfaceOrientationLandscapeRight";
				LD_RUNPATH_SEARCH_PATHS = (
					"$(inherited)",
					"@executable_path/Frameworks",
				);
				MARKETING_VERSION = 1.0;
				PRODUCT_BUNDLE_IDENTIFIER = testtt.testImgly;
				PRODUCT_NAME = "$(TARGET_NAME)";
				SWIFT_EMIT_LOC_STRINGS = YES;
				SWIFT_VERSION = 5.0;
				TARGETED_DEVICE_FAMILY = "1,2";
			};
			name = Debug;
		};
		1CE044E52977E05000164458 /* Release */ = {
			isa = XCBuildConfiguration;
			buildSettings = {
				ASSETCATALOG_COMPILER_APPICON_NAME = AppIcon;
				ASSETCATALOG_COMPILER_GLOBAL_ACCENT_COLOR_NAME = AccentColor;
				CODE_SIGN_STYLE = Automatic;
				CURRENT_PROJECT_VERSION = 1;
				DEVELOPMENT_ASSET_PATHS = "\"testImgly/Preview Content\"";
				DEVELOPMENT_TEAM = KBW8QZ886C;
				ENABLE_PREVIEWS = YES;
				GENERATE_INFOPLIST_FILE = YES;
				INFOPLIST_KEY_UIApplicationSceneManifest_Generation = YES;
				INFOPLIST_KEY_UIApplicationSupportsIndirectInputEvents = YES;
				INFOPLIST_KEY_UILaunchScreen_Generation = YES;
				INFOPLIST_KEY_UISupportedInterfaceOrientations_iPad = "UIInterfaceOrientationPortrait UIInterfaceOrientationPortraitUpsideDown UIInterfaceOrientationLandscapeLeft UIInterfaceOrientationLandscapeRight";
				INFOPLIST_KEY_UISupportedInterfaceOrientations_iPhone = "UIInterfaceOrientationPortrait UIInterfaceOrientationLandscapeLeft UIInterfaceOrientationLandscapeRight";
				LD_RUNPATH_SEARCH_PATHS = (
					"$(inherited)",
					"@executable_path/Frameworks",
				);
				MARKETING_VERSION = 1.0;
				PRODUCT_BUNDLE_IDENTIFIER = testtt.testImgly;
				PRODUCT_NAME = "$(TARGET_NAME)";
				SWIFT_EMIT_LOC_STRINGS = YES;
				SWIFT_VERSION = 5.0;
				TARGETED_DEVICE_FAMILY = "1,2";
			};
			name = Release;
		};
		1CE044E72977E05000164458 /* Debug */ = {
			isa = XCBuildConfiguration;
			buildSettings = {
				ALWAYS_EMBED_SWIFT_STANDARD_LIBRARIES = YES;
				BUNDLE_LOADER = "$(TEST_HOST)";
				CODE_SIGN_STYLE = Automatic;
				CURRENT_PROJECT_VERSION = 1;
				DEVELOPMENT_TEAM = KBW8QZ886C;
				GENERATE_INFOPLIST_FILE = YES;
				IPHONEOS_DEPLOYMENT_TARGET = 16.2;
				MARKETING_VERSION = 1.0;
				PRODUCT_BUNDLE_IDENTIFIER = testtt.testImglyTests;
				PRODUCT_NAME = "$(TARGET_NAME)";
				SWIFT_EMIT_LOC_STRINGS = NO;
				SWIFT_VERSION = 5.0;
				TARGETED_DEVICE_FAMILY = "1,2";
				TEST_HOST = "$(BUILT_PRODUCTS_DIR)/testImgly.app/$(BUNDLE_EXECUTABLE_FOLDER_PATH)/testImgly";
			};
			name = Debug;
		};
		1CE044E82977E05000164458 /* Release */ = {
			isa = XCBuildConfiguration;
			buildSettings = {
				ALWAYS_EMBED_SWIFT_STANDARD_LIBRARIES = YES;
				BUNDLE_LOADER = "$(TEST_HOST)";
				CODE_SIGN_STYLE = Automatic;
				CURRENT_PROJECT_VERSION = 1;
				DEVELOPMENT_TEAM = KBW8QZ886C;
				GENERATE_INFOPLIST_FILE = YES;
				IPHONEOS_DEPLOYMENT_TARGET = 16.2;
				MARKETING_VERSION = 1.0;
				PRODUCT_BUNDLE_IDENTIFIER = testtt.testImglyTests;
				PRODUCT_NAME = "$(TARGET_NAME)";
				SWIFT_EMIT_LOC_STRINGS = NO;
				SWIFT_VERSION = 5.0;
				TARGETED_DEVICE_FAMILY = "1,2";
				TEST_HOST = "$(BUILT_PRODUCTS_DIR)/testImgly.app/$(BUNDLE_EXECUTABLE_FOLDER_PATH)/testImgly";
			};
			name = Release;
		};
		1CE044EA2977E05000164458 /* Debug */ = {
			isa = XCBuildConfiguration;
			buildSettings = {
				ALWAYS_EMBED_SWIFT_STANDARD_LIBRARIES = YES;
				CODE_SIGN_STYLE = Automatic;
				CURRENT_PROJECT_VERSION = 1;
				DEVELOPMENT_TEAM = KBW8QZ886C;
				GENERATE_INFOPLIST_FILE = YES;
				MARKETING_VERSION = 1.0;
				PRODUCT_BUNDLE_IDENTIFIER = testtt.testImglyUITests;
				PRODUCT_NAME = "$(TARGET_NAME)";
				SWIFT_EMIT_LOC_STRINGS = NO;
				SWIFT_VERSION = 5.0;
				TARGETED_DEVICE_FAMILY = "1,2";
				TEST_TARGET_NAME = testImgly;
			};
			name = Debug;
		};
		1CE044EB2977E05000164458 /* Release */ = {
			isa = XCBuildConfiguration;
			buildSettings = {
				ALWAYS_EMBED_SWIFT_STANDARD_LIBRARIES = YES;
				CODE_SIGN_STYLE = Automatic;
				CURRENT_PROJECT_VERSION = 1;
				DEVELOPMENT_TEAM = KBW8QZ886C;
				GENERATE_INFOPLIST_FILE = YES;
				MARKETING_VERSION = 1.0;
				PRODUCT_BUNDLE_IDENTIFIER = testtt.testImglyUITests;
				PRODUCT_NAME = "$(TARGET_NAME)";
				SWIFT_EMIT_LOC_STRINGS = NO;
				SWIFT_VERSION = 5.0;
				TARGETED_DEVICE_FAMILY = "1,2";
				TEST_TARGET_NAME = testImgly;
			};
			name = Release;
		};
/* End XCBuildConfiguration section */

/* Begin XCConfigurationList section */
		1CE044BA2977E04E00164458 /* Build configuration list for PBXProject "testImgly" */ = {
			isa = XCConfigurationList;
			buildConfigurations = (
				1CE044E12977E05000164458 /* Debug */,
				1CE044E22977E05000164458 /* Release */,
			);
			defaultConfigurationIsVisible = 0;
			defaultConfigurationName = Release;
		};
		1CE044E32977E05000164458 /* Build configuration list for PBXNativeTarget "testImgly" */ = {
			isa = XCConfigurationList;
			buildConfigurations = (
				1CE044E42977E05000164458 /* Debug */,
				1CE044E52977E05000164458 /* Release */,
			);
			defaultConfigurationIsVisible = 0;
			defaultConfigurationName = Release;
		};
		1CE044E62977E05000164458 /* Build configuration list for PBXNativeTarget "testImglyTests" */ = {
			isa = XCConfigurationList;
			buildConfigurations = (
				1CE044E72977E05000164458 /* Debug */,
				1CE044E82977E05000164458 /* Release */,
			);
			defaultConfigurationIsVisible = 0;
			defaultConfigurationName = Release;
		};
		1CE044E92977E05000164458 /* Build configuration list for PBXNativeTarget "testImglyUITests" */ = {
			isa = XCConfigurationList;
			buildConfigurations = (
				1CE044EA2977E05000164458 /* Debug */,
				1CE044EB2977E05000164458 /* Release */,
			);
			defaultConfigurationIsVisible = 0;
			defaultConfigurationName = Release;
		};
/* End XCConfigurationList section */

/* Begin XCRemoteSwiftPackageReference section */
		1CE044EC2977E17F00164458 /* XCRemoteSwiftPackageReference "vesdk-ios-build" */ = {
			isa = XCRemoteSwiftPackageReference;
			repositoryURL = "https://github.com/imgly/vesdk-ios-build";
			requirement = {
				kind = upToNextMajorVersion;
				minimumVersion = 11.0.0;
			};
		};
/* End XCRemoteSwiftPackageReference section */

/* Begin XCSwiftPackageProductDependency section */
		1CE044ED2977E17F00164458 /* VideoEditorSDK */ = {
			isa = XCSwiftPackageProductDependency;
			package = 1CE044EC2977E17F00164458 /* XCRemoteSwiftPackageReference "vesdk-ios-build" */;
			productName = VideoEditorSDK;
		};
/* End XCSwiftPackageProductDependency section */
	};
	rootObject = 1CE044B72977E04E00164458 /* Project object */;
}
